
Microsoft Visual Studio Solution File, Format Version 12.00
# Visual Studio Version 17
VisualStudioVersion = 17.0.31903.59
MinimumVisualStudioVersion = 10.0.40219.1
Project("{FAE04EC0-301F-11D3-BF4B-00C04F79EFBC}") = "AoC", "src\AoC.csproj", "{3EC6ED5C-5B3F-42E4-8E8A-43054B693169}"
EndProject
Project("{FAE04EC0-301F-11D3-BF4B-00C04F79EFBC}") = "AoC.Tests", "test\unit\AoC.Tests.csproj", "{0D2454A3-388E-48DA-921E-CBE9E87743D1}"
EndProject
Project("{2150E333-8FDC-42A3-9474-1A3956D46DE8}") = "Solution Items", "Solution Items", "{AEC1084C-F54E-46DC-9EDA-4CA951753A08}"
	ProjectSection(SolutionItems) = preProject
		.editorconfig = .editorconfig
		.gitattributes = .gitattributes
		.gitignore = .gitignore
	EndProjectSection
EndProject
Global
	GlobalSection(SolutionConfigurationPlatforms) = preSolution
		Debug|Any CPU = Debug|Any CPU
		Release|Any CPU = Release|Any CPU
	EndGlobalSection
	GlobalSection(SolutionProperties) = preSolution
		HideSolutionNode = FALSE
	EndGlobalSection
	GlobalSection(ProjectConfigurationPlatforms) = postSolution
		{3EC6ED5C-5B3F-42E4-8E8A-43054B693169}.Debug|Any CPU.ActiveCfg = Debug|Any CPU
		{3EC6ED5C-5B3F-42E4-8E8A-43054B693169}.Debug|Any CPU.Build.0 = Debug|Any CPU
		{3EC6ED5C-5B3F-42E4-8E8A-43054B693169}.Release|Any CPU.ActiveCfg = Release|Any CPU
		{3EC6ED5C-5B3F-42E4-8E8A-43054B693169}.Release|Any CPU.Build.0 = Release|Any CPU
		{0D2454A3-388E-48DA-921E-CBE9E87743D1}.Debug|Any CPU.ActiveCfg = Debug|Any CPU
		{0D2454A3-388E-48DA-921E-CBE9E87743D1}.Debug|Any CPU.Build.0 = Debug|Any CPU
		{0D2454A3-388E-48DA-921E-CBE9E87743D1}.Release|Any CPU.ActiveCfg = Release|Any CPU
		{0D2454A3-388E-48DA-921E-CBE9E87743D1}.Release|Any CPU.Build.0 = Release|Any CPU
	EndGlobalSection
	GlobalSection(NestedProjects) = preSolution
	EndGlobalSection
EndGlobal
